
Microsoft Visual Studio Solution File, Format Version 12.00
# Visual Studio Version 16
VisualStudioVersion = 16.0.29009.5
MinimumVisualStudioVersion = 10.0.40219.1
Project("{9A19103F-16F7-4668-BE54-9A1E7A4F7556}") = "USC.Restaurante.Api", "USC.Restaurante.Api\USC.Restaurante.Api.csproj", "{82D1B3D7-CDDC-415F-8AEF-D7B3A9FB57C7}"
EndProject
Project("{2150E333-8FDC-42A3-9474-1A3956D46DE8}") = "Api", "Api", "{346F533F-DEDA-42C5-A4DE-140BFDCA4BA2}"
EndProject
Project("{2150E333-8FDC-42A3-9474-1A3956D46DE8}") = "Entities", "Entities", "{F4537B35-B01D-43FC-A270-FA8A3C0C45A0}"
EndProject
Project("{2150E333-8FDC-42A3-9474-1A3956D46DE8}") = "DAL", "DAL", "{8402A3A3-1653-4512-90E9-F93B1974C0DF}"
EndProject
Project("{2150E333-8FDC-42A3-9474-1A3956D46DE8}") = "BLL", "BLL", "{C26526D9-D58D-4DE1-BD6C-670CCB28A1C4}"
EndProject
Project("{2150E333-8FDC-42A3-9474-1A3956D46DE8}") = "Helpers", "Helpers", "{61C37027-E022-422B-AE1F-C94E6F0F71EE}"
EndProject
Project("{FAE04EC0-301F-11D3-BF4B-00C04F79EFBC}") = "USC.Restaurante.Entities", "USC.Restaurante.Entities\USC.Restaurante.Entities.csproj", "{F550B2ED-5B97-4DF5-91F7-301F31566465}"
EndProject
Project("{FAE04EC0-301F-11D3-BF4B-00C04F79EFBC}") = "USC.Restaurante.Interfaces", "USC.Restaurante.Interfaces\USC.Restaurante.Interfaces.csproj", "{B3309646-ADCE-43CC-B5A6-5A5874E37873}"
EndProject
Project("{FAE04EC0-301F-11D3-BF4B-00C04F79EFBC}") = "USC.Restaurante.Entities", "USC.Restaurante.Entities\USC.Restaurante.Entities.csproj", "{D4F68DFA-5365-4DEE-AF90-CC29CD8573AD}"
EndProject
Project("{FAE04EC0-301F-11D3-BF4B-00C04F79EFBC}") = "USC.Restaurante.Interfaces", "USC.Restaurante.Interfaces\USC.Restaurante.Interfaces.csproj", "{BA38365F-8610-4AF6-85D0-33D84E1BC108}"
EndProject
Project("{FAE04EC0-301F-11D3-BF4B-00C04F79EFBC}") = "USC.Restaurante.DAL", "USC.Restaurante.DAL\USC.Restaurante.DAL.csproj", "{F299C423-F1AD-42ED-8E9A-B3B2C8645D71}"
EndProject
Project("{FAE04EC0-301F-11D3-BF4B-00C04F79EFBC}") = "USC.Restaurante.DAL.Infra", "USC.Restaurante.DAL.Infra\USC.Restaurante.DAL.Infra.csproj", "{5184BBC1-3DFB-4ECC-8908-DB7029F99126}"
EndProject
Global
	GlobalSection(SolutionConfigurationPlatforms) = preSolution
		Debug|Any CPU = Debug|Any CPU
		Release|Any CPU = Release|Any CPU
	EndGlobalSection
	GlobalSection(ProjectConfigurationPlatforms) = postSolution
		{82D1B3D7-CDDC-415F-8AEF-D7B3A9FB57C7}.Debug|Any CPU.ActiveCfg = Debug|Any CPU
		{82D1B3D7-CDDC-415F-8AEF-D7B3A9FB57C7}.Debug|Any CPU.Build.0 = Debug|Any CPU
		{82D1B3D7-CDDC-415F-8AEF-D7B3A9FB57C7}.Release|Any CPU.ActiveCfg = Release|Any CPU
		{82D1B3D7-CDDC-415F-8AEF-D7B3A9FB57C7}.Release|Any CPU.Build.0 = Release|Any CPU
		{F550B2ED-5B97-4DF5-91F7-301F31566465}.Debug|Any CPU.ActiveCfg = Debug|Any CPU
		{F550B2ED-5B97-4DF5-91F7-301F31566465}.Debug|Any CPU.Build.0 = Debug|Any CPU
		{F550B2ED-5B97-4DF5-91F7-301F31566465}.Release|Any CPU.ActiveCfg = Release|Any CPU
		{F550B2ED-5B97-4DF5-91F7-301F31566465}.Release|Any CPU.Build.0 = Release|Any CPU
		{B3309646-ADCE-43CC-B5A6-5A5874E37873}.Debug|Any CPU.ActiveCfg = Debug|Any CPU
		{B3309646-ADCE-43CC-B5A6-5A5874E37873}.Debug|Any CPU.Build.0 = Debug|Any CPU
		{B3309646-ADCE-43CC-B5A6-5A5874E37873}.Release|Any CPU.ActiveCfg = Release|Any CPU
		{B3309646-ADCE-43CC-B5A6-5A5874E37873}.Release|Any CPU.Build.0 = Release|Any CPU
		{D4F68DFA-5365-4DEE-AF90-CC29CD8573AD}.Debug|Any CPU.ActiveCfg = Debug|Any CPU
		{D4F68DFA-5365-4DEE-AF90-CC29CD8573AD}.Debug|Any CPU.Build.0 = Debug|Any CPU
		{D4F68DFA-5365-4DEE-AF90-CC29CD8573AD}.Release|Any CPU.ActiveCfg = Release|Any CPU
		{D4F68DFA-5365-4DEE-AF90-CC29CD8573AD}.Release|Any CPU.Build.0 = Release|Any CPU
		{BA38365F-8610-4AF6-85D0-33D84E1BC108}.Debug|Any CPU.ActiveCfg = Debug|Any CPU
		{BA38365F-8610-4AF6-85D0-33D84E1BC108}.Debug|Any CPU.Build.0 = Debug|Any CPU
		{BA38365F-8610-4AF6-85D0-33D84E1BC108}.Release|Any CPU.ActiveCfg = Release|Any CPU
		{BA38365F-8610-4AF6-85D0-33D84E1BC108}.Release|Any CPU.Build.0 = Release|Any CPU
		{F299C423-F1AD-42ED-8E9A-B3B2C8645D71}.Debug|Any CPU.ActiveCfg = Debug|Any CPU
		{F299C423-F1AD-42ED-8E9A-B3B2C8645D71}.Debug|Any CPU.Build.0 = Debug|Any CPU
		{F299C423-F1AD-42ED-8E9A-B3B2C8645D71}.Release|Any CPU.ActiveCfg = Release|Any CPU
		{F299C423-F1AD-42ED-8E9A-B3B2C8645D71}.Release|Any CPU.Build.0 = Release|Any CPU
		{5184BBC1-3DFB-4ECC-8908-DB7029F99126}.Debug|Any CPU.ActiveCfg = Debug|Any CPU
		{5184BBC1-3DFB-4ECC-8908-DB7029F99126}.Debug|Any CPU.Build.0 = Debug|Any CPU
		{5184BBC1-3DFB-4ECC-8908-DB7029F99126}.Release|Any CPU.ActiveCfg = Release|Any CPU
		{5184BBC1-3DFB-4ECC-8908-DB7029F99126}.Release|Any CPU.Build.0 = Release|Any CPU
	EndGlobalSection
	GlobalSection(SolutionProperties) = preSolution
		HideSolutionNode = FALSE
	EndGlobalSection
	GlobalSection(NestedProjects) = preSolution
		{82D1B3D7-CDDC-415F-8AEF-D7B3A9FB57C7} = {346F533F-DEDA-42C5-A4DE-140BFDCA4BA2}
		{F550B2ED-5B97-4DF5-91F7-301F31566465} = {F4537B35-B01D-43FC-A270-FA8A3C0C45A0}
		{B3309646-ADCE-43CC-B5A6-5A5874E37873} = {61C37027-E022-422B-AE1F-C94E6F0F71EE}
		{D4F68DFA-5365-4DEE-AF90-CC29CD8573AD} = {F4537B35-B01D-43FC-A270-FA8A3C0C45A0}
		{BA38365F-8610-4AF6-85D0-33D84E1BC108} = {61C37027-E022-422B-AE1F-C94E6F0F71EE}
		{F299C423-F1AD-42ED-8E9A-B3B2C8645D71} = {8402A3A3-1653-4512-90E9-F93B1974C0DF}
		{5184BBC1-3DFB-4ECC-8908-DB7029F99126} = {8402A3A3-1653-4512-90E9-F93B1974C0DF}
	EndGlobalSection
	GlobalSection(ExtensibilityGlobals) = postSolution
		SolutionGuid = {0C14CDB9-27D0-4690-8231-CA3D86F490F1}
	EndGlobalSection
EndGlobal
